
Microsoft Visual Studio Solution File, Format Version 12.00
# Visual Studio 15
VisualStudioVersion = 15.0.28307.572
MinimumVisualStudioVersion = 10.0.40219.1
Project("{FAE04EC0-301F-11D3-BF4B-00C04F79EFBC}") = "ScoreTest", "ScoreTest\ScoreTest.csproj", "{D14E43AE-09B0-47D4-98E2-21A78D92F473}"
EndProject
Project("{2150E333-8FDC-42A3-9474-1A3956D46DE8}") = "DB", "DB", "{F8A91DA7-B2A3-4E39-9F2E-ECB808EF3FBB}"
EndProject
Global
	GlobalSection(SolutionConfigurationPlatforms) = preSolution
		Debug|Any CPU = Debug|Any CPU
		Release|Any CPU = Release|Any CPU
	EndGlobalSection
	GlobalSection(ProjectConfigurationPlatforms) = postSolution
		{D14E43AE-09B0-47D4-98E2-21A78D92F473}.Debug|Any CPU.ActiveCfg = Debug|Any CPU
		{D14E43AE-09B0-47D4-98E2-21A78D92F473}.Debug|Any CPU.Build.0 = Debug|Any CPU
		{D14E43AE-09B0-47D4-98E2-21A78D92F473}.Release|Any CPU.ActiveCfg = Release|Any CPU
		{D14E43AE-09B0-47D4-98E2-21A78D92F473}.Release|Any CPU.Build.0 = Release|Any CPU
	EndGlobalSection
	GlobalSection(SolutionProperties) = preSolution
		HideSolutionNode = FALSE
	EndGlobalSection
	GlobalSection(ExtensibilityGlobals) = postSolution
		SolutionGuid = {D55EBEB1-A1FF-434D-BC49-8A89B796E6F4}
	EndGlobalSection
EndGlobal
